
Microsoft Visual Studio Solution File, Format Version 12.00
# Visual Studio 15
VisualStudioVersion = 15.0.27703.2035
MinimumVisualStudioVersion = 10.0.40219.1
Project("{FAE04EC0-301F-11D3-BF4B-00C04F79EFBC}") = "LemonadeStand", "LemonadeStand\LemonadeStand.csproj", "{192B71D3-7EED-4AA2-946E-8CBCF0BF6128}"
EndProject
Global
	GlobalSection(SolutionConfigurationPlatforms) = preSolution
		Debug|Any CPU = Debug|Any CPU
		Release|Any CPU = Release|Any CPU
	EndGlobalSection
	GlobalSection(ProjectConfigurationPlatforms) = postSolution
		{192B71D3-7EED-4AA2-946E-8CBCF0BF6128}.Debug|Any CPU.ActiveCfg = Debug|Any CPU
		{192B71D3-7EED-4AA2-946E-8CBCF0BF6128}.Debug|Any CPU.Build.0 = Debug|Any CPU
		{192B71D3-7EED-4AA2-946E-8CBCF0BF6128}.Release|Any CPU.ActiveCfg = Release|Any CPU
		{192B71D3-7EED-4AA2-946E-8CBCF0BF6128}.Release|Any CPU.Build.0 = Release|Any CPU
	EndGlobalSection
	GlobalSection(SolutionProperties) = preSolution
		HideSolutionNode = FALSE
	EndGlobalSection
	GlobalSection(ExtensibilityGlobals) = postSolution
		SolutionGuid = {4C6B77D3-D08C-4A96-9AA3-E1A0FEE7CDDA}
	EndGlobalSection
EndGlobal
